<Solution>
  <Folder Name="/BuildingBlocks/">
    <Project Path="BuildingBlocks.API/BuildingBlocks.API.csproj" />
  </Folder>
  <Folder Name="/Solution Items/">
  </Folder>
  <Project Path="API/API.csproj" />
  <Project Path="Application/Application.csproj" />
  <Project Path="Domain/Domain.csproj" />
  <Project Path="Infrastructure/Infrastructure.csproj" />
</Solution>
